Microsoft Visual Studio Solution File, Format Version 9.00
# Visual Studio 2005
Project("{8BC9CEB8-8B4A-11D0-8D11-00A0C91BC942}") = "ALL_BUILD", "ALL_BUILD.vcproj", "{272BAC1A-0724-3E78-B83A-BBBA4A63C1DF}"
	ProjectSection(ProjectDependencies) = postProject
		{3B7591D5-1DD8-3794-8875-B0D8011131C3} = {3B7591D5-1DD8-3794-8875-B0D8011131C3}
		{D38103FE-D4E6-3171-BE8C-D6AC213FAF70} = {D38103FE-D4E6-3171-BE8C-D6AC213FAF70}
	EndProjectSection
EndProject
Project("{8BC9CEB8-8B4A-11D0-8D11-00A0C91BC942}") = "CrashSender", "CrashSender.vcproj", "{3B7591D5-1DD8-3794-8875-B0D8011131C3}"
	ProjectSection(ProjectDependencies) = postProject
		{D38103FE-D4E6-3171-BE8C-D6AC213FAF70} = {D38103FE-D4E6-3171-BE8C-D6AC213FAF70}
		{DF241D2D-42C5-3A6D-A049-3142E5B839CC} = {DF241D2D-42C5-3A6D-A049-3142E5B839CC}
		{DA832C55-BC3A-379C-90C3-F4A6D014CDA4} = {DA832C55-BC3A-379C-90C3-F4A6D014CDA4}
		{3AD9221C-9950-336B-8BE5-922EDCAD6AE6} = {3AD9221C-9950-336B-8BE5-922EDCAD6AE6}
		{EFBDADCD-B5E5-3446-9E91-71AF39E7DB9C} = {EFBDADCD-B5E5-3446-9E91-71AF39E7DB9C}
		{DD035504-BA3C-363C-8206-25102895B8D4} = {DD035504-BA3C-363C-8206-25102895B8D4}
		{5A787012-65DA-3EC1-AD58-2391AEE8857D} = {5A787012-65DA-3EC1-AD58-2391AEE8857D}
		{C1E73E5B-3E8A-3F86-91A0-080DEE714C0B} = {C1E73E5B-3E8A-3F86-91A0-080DEE714C0B}
	EndProjectSection
EndProject
Project("{8BC9CEB8-8B4A-11D0-8D11-00A0C91BC942}") = "ZERO_CHECK", "..\..\\ZERO_CHECK.vcproj", "{D38103FE-D4E6-3171-BE8C-D6AC213FAF70}"
	ProjectSection(ProjectDependencies) = postProject
	EndProjectSection
EndProject
Project("{8BC9CEB8-8B4A-11D0-8D11-00A0C91BC942}") = "libjpeg", "..\..\thirdparty\jpeg\libjpeg.vcproj", "{DF241D2D-42C5-3A6D-A049-3142E5B839CC}"
	ProjectSection(ProjectDependencies) = postProject
		{D38103FE-D4E6-3171-BE8C-D6AC213FAF70} = {D38103FE-D4E6-3171-BE8C-D6AC213FAF70}
	EndProjectSection
EndProject
Project("{8BC9CEB8-8B4A-11D0-8D11-00A0C91BC942}") = "libogg", "..\..\thirdparty\libogg\libogg.vcproj", "{DA832C55-BC3A-379C-90C3-F4A6D014CDA4}"
	ProjectSection(ProjectDependencies) = postProject
		{D38103FE-D4E6-3171-BE8C-D6AC213FAF70} = {D38103FE-D4E6-3171-BE8C-D6AC213FAF70}
	EndProjectSection
EndProject
Project("{8BC9CEB8-8B4A-11D0-8D11-00A0C91BC942}") = "libpng", "..\..\thirdparty\libpng\libpng.vcproj", "{3AD9221C-9950-336B-8BE5-922EDCAD6AE6}"
	ProjectSection(ProjectDependencies) = postProject
		{D38103FE-D4E6-3171-BE8C-D6AC213FAF70} = {D38103FE-D4E6-3171-BE8C-D6AC213FAF70}
		{C1E73E5B-3E8A-3F86-91A0-080DEE714C0B} = {C1E73E5B-3E8A-3F86-91A0-080DEE714C0B}
	EndProjectSection
EndProject
Project("{8BC9CEB8-8B4A-11D0-8D11-00A0C91BC942}") = "libtheora", "..\..\thirdparty\libtheora\libtheora.vcproj", "{EFBDADCD-B5E5-3446-9E91-71AF39E7DB9C}"
	ProjectSection(ProjectDependencies) = postProject
		{D38103FE-D4E6-3171-BE8C-D6AC213FAF70} = {D38103FE-D4E6-3171-BE8C-D6AC213FAF70}
	EndProjectSection
EndProject
Project("{8BC9CEB8-8B4A-11D0-8D11-00A0C91BC942}") = "minizip", "..\..\thirdparty\minizip\minizip.vcproj", "{DD035504-BA3C-363C-8206-25102895B8D4}"
	ProjectSection(ProjectDependencies) = postProject
		{D38103FE-D4E6-3171-BE8C-D6AC213FAF70} = {D38103FE-D4E6-3171-BE8C-D6AC213FAF70}
		{C1E73E5B-3E8A-3F86-91A0-080DEE714C0B} = {C1E73E5B-3E8A-3F86-91A0-080DEE714C0B}
	EndProjectSection
EndProject
Project("{8BC9CEB8-8B4A-11D0-8D11-00A0C91BC942}") = "tinyxml", "..\..\thirdparty\tinyxml\tinyxml.vcproj", "{5A787012-65DA-3EC1-AD58-2391AEE8857D}"
	ProjectSection(ProjectDependencies) = postProject
		{D38103FE-D4E6-3171-BE8C-D6AC213FAF70} = {D38103FE-D4E6-3171-BE8C-D6AC213FAF70}
	EndProjectSection
EndProject
Project("{8BC9CEB8-8B4A-11D0-8D11-00A0C91BC942}") = "zlib", "..\..\thirdparty\zlib\zlib.vcproj", "{C1E73E5B-3E8A-3F86-91A0-080DEE714C0B}"
	ProjectSection(ProjectDependencies) = postProject
		{D38103FE-D4E6-3171-BE8C-D6AC213FAF70} = {D38103FE-D4E6-3171-BE8C-D6AC213FAF70}
	EndProjectSection
EndProject
Global
	GlobalSection(SolutionConfigurationPlatforms) = preSolution
		Debug|Win32 = Debug|Win32
		Release|Win32 = Release|Win32
	EndGlobalSection
	GlobalSection(ProjectConfigurationPlatforms) = postSolution
		{272BAC1A-0724-3E78-B83A-BBBA4A63C1DF}.Debug|Win32.ActiveCfg = Debug|Win32
		{272BAC1A-0724-3E78-B83A-BBBA4A63C1DF}.Release|Win32.ActiveCfg = Release|Win32
		{3B7591D5-1DD8-3794-8875-B0D8011131C3}.Debug|Win32.ActiveCfg = Debug|Win32
		{3B7591D5-1DD8-3794-8875-B0D8011131C3}.Debug|Win32.Build.0 = Debug|Win32
		{3B7591D5-1DD8-3794-8875-B0D8011131C3}.Release|Win32.ActiveCfg = Release|Win32
		{3B7591D5-1DD8-3794-8875-B0D8011131C3}.Release|Win32.Build.0 = Release|Win32
		{D38103FE-D4E6-3171-BE8C-D6AC213FAF70}.Debug|Win32.ActiveCfg = Debug|Win32
		{D38103FE-D4E6-3171-BE8C-D6AC213FAF70}.Debug|Win32.Build.0 = Debug|Win32
		{D38103FE-D4E6-3171-BE8C-D6AC213FAF70}.Release|Win32.ActiveCfg = Release|Win32
		{D38103FE-D4E6-3171-BE8C-D6AC213FAF70}.Release|Win32.Build.0 = Release|Win32
		{DF241D2D-42C5-3A6D-A049-3142E5B839CC}.Debug|Win32.ActiveCfg = Debug|Win32
		{DF241D2D-42C5-3A6D-A049-3142E5B839CC}.Debug|Win32.Build.0 = Debug|Win32
		{DF241D2D-42C5-3A6D-A049-3142E5B839CC}.Release|Win32.ActiveCfg = Release|Win32
		{DF241D2D-42C5-3A6D-A049-3142E5B839CC}.Release|Win32.Build.0 = Release|Win32
		{DA832C55-BC3A-379C-90C3-F4A6D014CDA4}.Debug|Win32.ActiveCfg = Debug|Win32
		{DA832C55-BC3A-379C-90C3-F4A6D014CDA4}.Debug|Win32.Build.0 = Debug|Win32
		{DA832C55-BC3A-379C-90C3-F4A6D014CDA4}.Release|Win32.ActiveCfg = Release|Win32
		{DA832C55-BC3A-379C-90C3-F4A6D014CDA4}.Release|Win32.Build.0 = Release|Win32
		{3AD9221C-9950-336B-8BE5-922EDCAD6AE6}.Debug|Win32.ActiveCfg = Debug|Win32
		{3AD9221C-9950-336B-8BE5-922EDCAD6AE6}.Debug|Win32.Build.0 = Debug|Win32
		{3AD9221C-9950-336B-8BE5-922EDCAD6AE6}.Release|Win32.ActiveCfg = Release|Win32
		{3AD9221C-9950-336B-8BE5-922EDCAD6AE6}.Release|Win32.Build.0 = Release|Win32
		{EFBDADCD-B5E5-3446-9E91-71AF39E7DB9C}.Debug|Win32.ActiveCfg = Debug|Win32
		{EFBDADCD-B5E5-3446-9E91-71AF39E7DB9C}.Debug|Win32.Build.0 = Debug|Win32
		{EFBDADCD-B5E5-3446-9E91-71AF39E7DB9C}.Release|Win32.ActiveCfg = Release|Win32
		{EFBDADCD-B5E5-3446-9E91-71AF39E7DB9C}.Release|Win32.Build.0 = Release|Win32
		{DD035504-BA3C-363C-8206-25102895B8D4}.Debug|Win32.ActiveCfg = Debug|Win32
		{DD035504-BA3C-363C-8206-25102895B8D4}.Debug|Win32.Build.0 = Debug|Win32
		{DD035504-BA3C-363C-8206-25102895B8D4}.Release|Win32.ActiveCfg = Release|Win32
		{DD035504-BA3C-363C-8206-25102895B8D4}.Release|Win32.Build.0 = Release|Win32
		{5A787012-65DA-3EC1-AD58-2391AEE8857D}.Debug|Win32.ActiveCfg = Debug|Win32
		{5A787012-65DA-3EC1-AD58-2391AEE8857D}.Debug|Win32.Build.0 = Debug|Win32
		{5A787012-65DA-3EC1-AD58-2391AEE8857D}.Release|Win32.ActiveCfg = Release|Win32
		{5A787012-65DA-3EC1-AD58-2391AEE8857D}.Release|Win32.Build.0 = Release|Win32
		{C1E73E5B-3E8A-3F86-91A0-080DEE714C0B}.Debug|Win32.ActiveCfg = Debug|Win32
		{C1E73E5B-3E8A-3F86-91A0-080DEE714C0B}.Debug|Win32.Build.0 = Debug|Win32
		{C1E73E5B-3E8A-3F86-91A0-080DEE714C0B}.Release|Win32.ActiveCfg = Release|Win32
		{C1E73E5B-3E8A-3F86-91A0-080DEE714C0B}.Release|Win32.Build.0 = Release|Win32
	EndGlobalSection
	GlobalSection(ExtensibilityGlobals) = postSolution
	EndGlobalSection
	GlobalSection(ExtensibilityAddIns) = postSolution
	EndGlobalSection
EndGlobal
